
Microsoft Visual Studio Solution File, Format Version 12.00
# Visual Studio 15
VisualStudioVersion = 15.0.28307.645
MinimumVisualStudioVersion = 10.0.40219.1
Project("{9A19103F-16F7-4668-BE54-9A1E7A4F7556}") = "Softeq.NetKit.Chat.SignalRClient", "Softeq.NetKit.Chat.SignalRClient.csproj", "{EA12CBAE-35ED-452E-ACD2-425BCD3F03C8}"
EndProject
Project("{9A19103F-16F7-4668-BE54-9A1E7A4F7556}") = "Softeq.NetKit.Chat.Client.SDK", "..\..\NetKit.Chat.Client.SDK.REST\NetKit.Chat.Client.SDK.REST\NetKit.Chat.Client.SDK.REST\Softeq.NetKit.Chat.Client.SDK.csproj", "{13159372-104A-4B44-BA9C-D7EE5CFF1B5F}"
EndProject
Global
	GlobalSection(SolutionConfigurationPlatforms) = preSolution
		Debug|Any CPU = Debug|Any CPU
		Release|Any CPU = Release|Any CPU
	EndGlobalSection
	GlobalSection(ProjectConfigurationPlatforms) = postSolution
		{EA12CBAE-35ED-452E-ACD2-425BCD3F03C8}.Debug|Any CPU.ActiveCfg = Debug|Any CPU
		{EA12CBAE-35ED-452E-ACD2-425BCD3F03C8}.Debug|Any CPU.Build.0 = Debug|Any CPU
		{EA12CBAE-35ED-452E-ACD2-425BCD3F03C8}.Release|Any CPU.ActiveCfg = Release|Any CPU
		{EA12CBAE-35ED-452E-ACD2-425BCD3F03C8}.Release|Any CPU.Build.0 = Release|Any CPU
		{13159372-104A-4B44-BA9C-D7EE5CFF1B5F}.Debug|Any CPU.ActiveCfg = Debug|Any CPU
		{13159372-104A-4B44-BA9C-D7EE5CFF1B5F}.Debug|Any CPU.Build.0 = Debug|Any CPU
		{13159372-104A-4B44-BA9C-D7EE5CFF1B5F}.Release|Any CPU.ActiveCfg = Release|Any CPU
		{13159372-104A-4B44-BA9C-D7EE5CFF1B5F}.Release|Any CPU.Build.0 = Release|Any CPU
	EndGlobalSection
	GlobalSection(SolutionProperties) = preSolution
		HideSolutionNode = FALSE
	EndGlobalSection
	GlobalSection(ExtensibilityGlobals) = postSolution
		SolutionGuid = {D1018F8E-1303-48ED-A1AB-511AE70CBDC6}
	EndGlobalSection
EndGlobal
